// !$*UTF8*$!
{
	archiveVersion = 1;
	classes = {
	};
	objectVersion = 52;
	objects = {

/* Begin PBXBuildFile section */
		A5109491298DB9750050933E /* AppDelegate.swift in Sources */ = {isa = PBXBuildFile; fileRef = A5109490298DB9750050933E /* AppDelegate.swift */; };
		A5109493298DB9750050933E /* SceneDelegate.swift in Sources */ = {isa = PBXBuildFile; fileRef = A5109492298DB9750050933E /* SceneDelegate.swift */; };
		A5109495298DB9750050933E /* ViewController.swift in Sources */ = {isa = PBXBuildFile; fileRef = A5109494298DB9750050933E /* ViewController.swift */; };
		A5109498298DB9750050933E /* Main.storyboard in Resources */ = {isa = PBXBuildFile; fileRef = A5109496298DB9750050933E /* Main.storyboard */; };
		A510949B298DB9750050933E /* NexiaTest.xcdatamodeld in Sources */ = {isa = PBXBuildFile; fileRef = A5109499298DB9750050933E /* NexiaTest.xcdatamodeld */; };
		A510949D298DB9760050933E /* Assets.xcassets in Resources */ = {isa = PBXBuildFile; fileRef = A510949C298DB9760050933E /* Assets.xcassets */; };
		A51094A0298DB9760050933E /* LaunchScreen.storyboard in Resources */ = {isa = PBXBuildFile; fileRef = A510949E298DB9760050933E /* LaunchScreen.storyboard */; };
		A59601892992F9D600DD25BD /* BenevitsController.swift in Sources */ = {isa = PBXBuildFile; fileRef = A59601882992F9D600DD25BD /* BenevitsController.swift */; };
		A596018D2992FB1600DD25BD /* CollectonTableViewCell.swift in Sources */ = {isa = PBXBuildFile; fileRef = A596018C2992FB1600DD25BD /* CollectonTableViewCell.swift */; };
		A59601912992FB6700DD25BD /* TableCollectionViewCell.swift in Sources */ = {isa = PBXBuildFile; fileRef = A59601902992FB6700DD25BD /* TableCollectionViewCell.swift */; };
		A59601942992FC1B00DD25BD /* Models.swift in Sources */ = {isa = PBXBuildFile; fileRef = A59601932992FC1B00DD25BD /* Models.swift */; };
		A596019F2993017800DD25BD /* SkeletonView in Frameworks */ = {isa = PBXBuildFile; productRef = A596019E2993017800DD25BD /* SkeletonView */; };
/* End PBXBuildFile section */

/* Begin PBXFileReference section */
		A510948D298DB9750050933E /* NexiaTest.app */ = {isa = PBXFileReference; explicitFileType = wrapper.application; includeInIndex = 0; path = NexiaTest.app; sourceTree = BUILT_PRODUCTS_DIR; };
		A5109490298DB9750050933E /* AppDelegate.swift */ = {isa = PBXFileReference; lastKnownFileType = sourcecode.swift; path = AppDelegate.swift; sourceTree = "<group>"; };
		A5109492298DB9750050933E /* SceneDelegate.swift */ = {isa = PBXFileReference; lastKnownFileType = sourcecode.swift; path = SceneDelegate.swift; sourceTree = "<group>"; };
		A5109494298DB9750050933E /* ViewController.swift */ = {isa = PBXFileReference; lastKnownFileType = sourcecode.swift; path = ViewController.swift; sourceTree = "<group>"; };
		A5109497298DB9750050933E /* Base */ = {isa = PBXFileReference; lastKnownFileType = file.storyboard; name = Base; path = Base.lproj/Main.storyboard; sourceTree = "<group>"; };
		A510949A298DB9750050933E /* NexiaTest.xcdatamodel */ = {isa = PBXFileReference; lastKnownFileType = wrapper.xcdatamodel; path = NexiaTest.xcdatamodel; sourceTree = "<group>"; };
		A510949C298DB9760050933E /* Assets.xcassets */ = {isa = PBXFileReference; lastKnownFileType = folder.assetcatalog; path = Assets.xcassets; sourceTree = "<group>"; };
		A510949F298DB9760050933E /* Base */ = {isa = PBXFileReference; lastKnownFileType = file.storyboard; name = Base; path = Base.lproj/LaunchScreen.storyboard; sourceTree = "<group>"; };
		A51094A1298DB9760050933E /* Info.plist */ = {isa = PBXFileReference; lastKnownFileType = text.plist.xml; path = Info.plist; sourceTree = "<group>"; };
		A59601882992F9D600DD25BD /* BenevitsController.swift */ = {isa = PBXFileReference; lastKnownFileType = sourcecode.swift; path = BenevitsController.swift; sourceTree = "<group>"; };
		A596018C2992FB1600DD25BD /* CollectonTableViewCell.swift */ = {isa = PBXFileReference; lastKnownFileType = sourcecode.swift; path = CollectonTableViewCell.swift; sourceTree = "<group>"; };
		A59601902992FB6700DD25BD /* TableCollectionViewCell.swift */ = {isa = PBXFileReference; lastKnownFileType = sourcecode.swift; path = TableCollectionViewCell.swift; sourceTree = "<group>"; };
		A59601932992FC1B00DD25BD /* Models.swift */ = {isa = PBXFileReference; lastKnownFileType = sourcecode.swift; path = Models.swift; sourceTree = "<group>"; };
/* End PBXFileReference section */

/* Begin PBXFrameworksBuildPhase section */
		A510948A298DB9750050933E /* Frameworks */ = {
			isa = PBXFrameworksBuildPhase;
			buildActionMask = 2147483647;
			files = (
				A596019F2993017800DD25BD /* SkeletonView in Frameworks */,
			);
			runOnlyForDeploymentPostprocessing = 0;
		};
/* End PBXFrameworksBuildPhase section */

/* Begin PBXGroup section */
		A5109484298DB9750050933E = {
			isa = PBXGroup;
			children = (
				A510948F298DB9750050933E /* NexiaTest */,
				A510948E298DB9750050933E /* Products */,
			);
			sourceTree = "<group>";
		};
		A510948E298DB9750050933E /* Products */ = {
			isa = PBXGroup;
			children = (
				A510948D298DB9750050933E /* NexiaTest.app */,
			);
			name = Products;
			sourceTree = "<group>";
		};
		A510948F298DB9750050933E /* NexiaTest */ = {
			isa = PBXGroup;
			children = (
				A5109490298DB9750050933E /* AppDelegate.swift */,
				A5109492298DB9750050933E /* SceneDelegate.swift */,
				A596018B2992FA0E00DD25BD /* Cells */,
				A510949E298DB9760050933E /* LaunchScreen.storyboard */,
				A5109496298DB9750050933E /* Main.storyboard */,
				A5109494298DB9750050933E /* ViewController.swift */,
				A59601882992F9D600DD25BD /* BenevitsController.swift */,
				A51094A1298DB9760050933E /* Info.plist */,
				A5109499298DB9750050933E /* NexiaTest.xcdatamodeld */,
				A59601932992FC1B00DD25BD /* Models.swift */,
				A510949C298DB9760050933E /* Assets.xcassets */,
			);
			path = NexiaTest;
			sourceTree = "<group>";
		};
		A596018B2992FA0E00DD25BD /* Cells */ = {
			isa = PBXGroup;
			children = (
				A596018C2992FB1600DD25BD /* CollectonTableViewCell.swift */,
				A59601902992FB6700DD25BD /* TableCollectionViewCell.swift */,
			);
			path = Cells;
			sourceTree = "<group>";
		};
/* End PBXGroup section */

/* Begin PBXNativeTarget section */
		A510948C298DB9750050933E /* NexiaTest */ = {
			isa = PBXNativeTarget;
			buildConfigurationList = A51094A4298DB9760050933E /* Build configuration list for PBXNativeTarget "NexiaTest" */;
			buildPhases = (
				A5109489298DB9750050933E /* Sources */,
				A510948A298DB9750050933E /* Frameworks */,
				A510948B298DB9750050933E /* Resources */,
			);
			buildRules = (
			);
			dependencies = (
			);
			name = NexiaTest;
			packageProductDependencies = (
				A596019E2993017800DD25BD /* SkeletonView */,
			);
			productName = NexiaTest;
			productReference = A510948D298DB9750050933E /* NexiaTest.app */;
			productType = "com.apple.product-type.application";
		};
/* End PBXNativeTarget section */

/* Begin PBXProject section */
		A5109485298DB9750050933E /* Project object */ = {
			isa = PBXProject;
			attributes = {
				LastSwiftUpdateCheck = 1240;
				LastUpgradeCheck = 1240;
				TargetAttributes = {
					A510948C298DB9750050933E = {
						CreatedOnToolsVersion = 12.4;
					};
				};
			};
			buildConfigurationList = A5109488298DB9750050933E /* Build configuration list for PBXProject "NexiaTest" */;
			compatibilityVersion = "Xcode 9.3";
			developmentRegion = en;
			hasScannedForEncodings = 0;
			knownRegions = (
				en,
				Base,
			);
			mainGroup = A5109484298DB9750050933E;
			packageReferences = (
				A596019D2993017800DD25BD /* XCRemoteSwiftPackageReference "SkeletonView" */,
			);
			productRefGroup = A510948E298DB9750050933E /* Products */;
			projectDirPath = "";
			projectRoot = "";
			targets = (
				A510948C298DB9750050933E /* NexiaTest */,
			);
		};
/* End PBXProject section */

/* Begin PBXResourcesBuildPhase section */
		A510948B298DB9750050933E /* Resources */ = {
			isa = PBXResourcesBuildPhase;
			buildActionMask = 2147483647;
			files = (
				A51094A0298DB9760050933E /* LaunchScreen.storyboard in Resources */,
				A510949D298DB9760050933E /* Assets.xcassets in Resources */,
				A5109498298DB9750050933E /* Main.storyboard in Resources */,
			);
			runOnlyForDeploymentPostprocessing = 0;
		};
/* End PBXResourcesBuildPhase section */

/* Begin PBXSourcesBuildPhase section */
		A5109489298DB9750050933E /* Sources */ = {
			isa = PBXSourcesBuildPhase;
			buildActionMask = 2147483647;
			files = (
				A5109495298DB9750050933E /* ViewController.swift in Sources */,
				A5109491298DB9750050933E /* AppDelegate.swift in Sources */,
				A59601892992F9D600DD25BD /* BenevitsController.swift in Sources */,
				A59601942992FC1B00DD25BD /* Models.swift in Sources */,
				A596018D2992FB1600DD25BD /* CollectonTableViewCell.swift in Sources */,
				A59601912992FB6700DD25BD /* TableCollectionViewCell.swift in Sources */,
				A5109493298DB9750050933E /* SceneDelegate.swift in Sources */,
				A510949B298DB9750050933E /* NexiaTest.xcdatamodeld in Sources */,
			);
			runOnlyForDeploymentPostprocessing = 0;
		};
/* End PBXSourcesBuildPhase section */

/* Begin PBXVariantGroup section */
		A5109496298DB9750050933E /* Main.storyboard */ = {
			isa = PBXVariantGroup;
			children = (
				A5109497298DB9750050933E /* Base */,
			);
			name = Main.storyboard;
			sourceTree = "<group>";
		};
		A510949E298DB9760050933E /* LaunchScreen.storyboard */ = {
			isa = PBXVariantGroup;
			children = (
				A510949F298DB9760050933E /* Base */,
			);
			name = LaunchScreen.storyboard;
			sourceTree = "<group>";
		};
/* End PBXVariantGroup section */

/* Begin XCBuildConfiguration section */
		A51094A2298DB9760050933E /* Debug */ = {
			isa = XCBuildConfiguration;
			buildSettings = {
				ALWAYS_SEARCH_USER_PATHS = NO;
				CLANG_ANALYZER_NONNULL = YES;
				CLANG_ANALYZER_NUMBER_OBJECT_CONVERSION = YES_AGGRESSIVE;
				CLANG_CXX_LANGUAGE_STANDARD = "gnu++14";
				CLANG_CXX_LIBRARY = "libc++";
				CLANG_ENABLE_MODULES = YES;
				CLANG_ENABLE_OBJC_ARC = YES;
				CLANG_ENABLE_OBJC_WEAK = YES;
				CLANG_WARN_BLOCK_CAPTURE_AUTORELEASING = YES;
				CLANG_WARN_BOOL_CONVERSION = YES;
				CLANG_WARN_COMMA = YES;
				CLANG_WARN_CONSTANT_CONVERSION = YES;
				CLANG_WARN_DEPRECATED_OBJC_IMPLEMENTATIONS = YES;
				CLANG_WARN_DIRECT_OBJC_ISA_USAGE = YES_ERROR;
				CLANG_WARN_DOCUMENTATION_COMMENTS = YES;
				CLANG_WARN_EMPTY_BODY = YES;
				CLANG_WARN_ENUM_CONVERSION = YES;
				CLANG_WARN_INFINITE_RECURSION = YES;
				CLANG_WARN_INT_CONVERSION = YES;
				CLANG_WARN_NON_LITERAL_NULL_CONVERSION = YES;
				CLANG_WARN_OBJC_IMPLICIT_RETAIN_SELF = YES;
				CLANG_WARN_OBJC_LITERAL_CONVERSION = YES;
				CLANG_WARN_OBJC_ROOT_CLASS = YES_ERROR;
				CLANG_WARN_QUOTED_INCLUDE_IN_FRAMEWORK_HEADER = YES;
				CLANG_WARN_RANGE_LOOP_ANALYSIS = YES;
				CLANG_WARN_STRICT_PROTOTYPES = YES;
				CLANG_WARN_SUSPICIOUS_MOVE = YES;
				CLANG_WARN_UNGUARDED_AVAILABILITY = YES_AGGRESSIVE;
				CLANG_WARN_UNREACHABLE_CODE = YES;
				CLANG_WARN__DUPLICATE_METHOD_MATCH = YES;
				COPY_PHASE_STRIP = NO;
				DEBUG_INFORMATION_FORMAT = dwarf;
				ENABLE_STRICT_OBJC_MSGSEND = YES;
				ENABLE_TESTABILITY = YES;
				GCC_C_LANGUAGE_STANDARD = gnu11;
				GCC_DYNAMIC_NO_PIC = NO;
				GCC_NO_COMMON_BLOCKS = YES;
				GCC_OPTIMIZATION_LEVEL = 0;
				GCC_PREPROCESSOR_DEFINITIONS = (
					"DEBUG=1",
					"$(inherited)",
				);
				GCC_WARN_64_TO_32_BIT_CONVERSION = YES;
				GCC_WARN_ABOUT_RETURN_TYPE = YES_ERROR;
				GCC_WARN_UNDECLARED_SELECTOR = YES;
				GCC_WARN_UNINITIALIZED_AUTOS = YES_AGGRESSIVE;
				GCC_WARN_UNUSED_FUNCTION = YES;
				GCC_WARN_UNUSED_VARIABLE = YES;
				IPHONEOS_DEPLOYMENT_TARGET = 14.4;
				MTL_ENABLE_DEBUG_INFO = INCLUDE_SOURCE;
				MTL_FAST_MATH = YES;
				ONLY_ACTIVE_ARCH = YES;
				SDKROOT = iphoneos;
				SWIFT_ACTIVE_COMPILATION_CONDITIONS = DEBUG;
				SWIFT_OPTIMIZATION_LEVEL = "-Onone";
			};
			name = Debug;
		};
		A51094A3298DB9760050933E /* Release */ = {
			isa = XCBuildConfiguration;
			buildSettings = {
				ALWAYS_SEARCH_USER_PATHS = NO;
				CLANG_ANALYZER_NONNULL = YES;
				CLANG_ANALYZER_NUMBER_OBJECT_CONVERSION = YES_AGGRESSIVE;
				CLANG_CXX_LANGUAGE_STANDARD = "gnu++14";
				CLANG_CXX_LIBRARY = "libc++";
				CLANG_ENABLE_MODULES = YES;
				CLANG_ENABLE_OBJC_ARC = YES;
				CLANG_ENABLE_OBJC_WEAK = YES;
				CLANG_WARN_BLOCK_CAPTURE_AUTORELEASING = YES;
				CLANG_WARN_BOOL_CONVERSION = YES;
				CLANG_WARN_COMMA = YES;
				CLANG_WARN_CONSTANT_CONVERSION = YES;
				CLANG_WARN_DEPRECATED_OBJC_IMPLEMENTATIONS = YES;
				CLANG_WARN_DIRECT_OBJC_ISA_USAGE = YES_ERROR;
				CLANG_WARN_DOCUMENTATION_COMMENTS = YES;
				CLANG_WARN_EMPTY_BODY = YES;
				CLANG_WARN_ENUM_CONVERSION = YES;
				CLANG_WARN_INFINITE_RECURSION = YES;
				CLANG_WARN_INT_CONVERSION = YES;
				CLANG_WARN_NON_LITERAL_NULL_CONVERSION = YES;
				CLANG_WARN_OBJC_IMPLICIT_RETAIN_SELF = YES;
				CLANG_WARN_OBJC_LITERAL_CONVERSION = YES;
				CLANG_WARN_OBJC_ROOT_CLASS = YES_ERROR;
				CLANG_WARN_QUOTED_INCLUDE_IN_FRAMEWORK_HEADER = YES;
				CLANG_WARN_RANGE_LOOP_ANALYSIS = YES;
				CLANG_WARN_STRICT_PROTOTYPES = YES;
				CLANG_WARN_SUSPICIOUS_MOVE = YES;
				CLANG_WARN_UNGUARDED_AVAILABILITY = YES_AGGRESSIVE;
				CLANG_WARN_UNREACHABLE_CODE = YES;
				CLANG_WARN__DUPLICATE_METHOD_MATCH = YES;
				COPY_PHASE_STRIP = NO;
				DEBUG_INFORMATION_FORMAT = "dwarf-with-dsym";
				ENABLE_NS_ASSERTIONS = NO;
				ENABLE_STRICT_OBJC_MSGSEND = YES;
				GCC_C_LANGUAGE_STANDARD = gnu11;
				GCC_NO_COMMON_BLOCKS = YES;
				GCC_WARN_64_TO_32_BIT_CONVERSION = YES;
				GCC_WARN_ABOUT_RETURN_TYPE = YES_ERROR;
				GCC_WARN_UNDECLARED_SELECTOR = YES;
				GCC_WARN_UNINITIALIZED_AUTOS = YES_AGGRESSIVE;
				GCC_WARN_UNUSED_FUNCTION = YES;
				GCC_WARN_UNUSED_VARIABLE = YES;
				IPHONEOS_DEPLOYMENT_TARGET = 14.4;
				MTL_ENABLE_DEBUG_INFO = NO;
				MTL_FAST_MATH = YES;
				SDKROOT = iphoneos;
				SWIFT_COMPILATION_MODE = wholemodule;
				SWIFT_OPTIMIZATION_LEVEL = "-O";
				VALIDATE_PRODUCT = YES;
			};
			name = Release;
		};
		A51094A5298DB9760050933E /* Debug */ = {
			isa = XCBuildConfiguration;
			buildSettings = {
				ASSETCATALOG_COMPILER_APPICON_NAME = AppIcon;
				ASSETCATALOG_COMPILER_GLOBAL_ACCENT_COLOR_NAME = AccentColor;
				CODE_SIGN_STYLE = Automatic;
				DEVELOPMENT_TEAM = 6HM8G7S75J;
				INFOPLIST_FILE = NexiaTest/Info.plist;
				LD_RUNPATH_SEARCH_PATHS = (
					"$(inherited)",
					"@executable_path/Frameworks",
				);
				PRODUCT_BUNDLE_IDENTIFIER = Adrian.NexiaTest;
				PRODUCT_NAME = "$(TARGET_NAME)";
				SWIFT_VERSION = 5.0;
				TARGETED_DEVICE_FAMILY = "1,2";
			};
			name = Debug;
		};
		A51094A6298DB9760050933E /* Release */ = {
			isa = XCBuildConfiguration;
			buildSettings = {
				ASSETCATALOG_COMPILER_APPICON_NAME = AppIcon;
				ASSETCATALOG_COMPILER_GLOBAL_ACCENT_COLOR_NAME = AccentColor;
				CODE_SIGN_STYLE = Automatic;
				DEVELOPMENT_TEAM = 6HM8G7S75J;
				INFOPLIST_FILE = NexiaTest/Info.plist;
				LD_RUNPATH_SEARCH_PATHS = (
					"$(inherited)",
					"@executable_path/Frameworks",
				);
				PRODUCT_BUNDLE_IDENTIFIER = Adrian.NexiaTest;
				PRODUCT_NAME = "$(TARGET_NAME)";
				SWIFT_VERSION = 5.0;
				TARGETED_DEVICE_FAMILY = "1,2";
			};
			name = Release;
		};
/* End XCBuildConfiguration section */

/* Begin XCConfigurationList section */
		A5109488298DB9750050933E /* Build configuration list for PBXProject "NexiaTest" */ = {
			isa = XCConfigurationList;
			buildConfigurations = (
				A51094A2298DB9760050933E /* Debug */,
				A51094A3298DB9760050933E /* Release */,
			);
			defaultConfigurationIsVisible = 0;
			defaultConfigurationName = Release;
		};
		A51094A4298DB9760050933E /* Build configuration list for PBXNativeTarget "NexiaTest" */ = {
			isa = XCConfigurationList;
			buildConfigurations = (
				A51094A5298DB9760050933E /* Debug */,
				A51094A6298DB9760050933E /* Release */,
			);
			defaultConfigurationIsVisible = 0;
			defaultConfigurationName = Release;
		};
/* End XCConfigurationList section */

/* Begin XCRemoteSwiftPackageReference section */
		A596019D2993017800DD25BD /* XCRemoteSwiftPackageReference "SkeletonView" */ = {
			isa = XCRemoteSwiftPackageReference;
			repositoryURL = "https://github.com/Juanpe/SkeletonView.git";
			requirement = {
				kind = upToNextMajorVersion;
				minimumVersion = 1.30.4;
			};
		};
/* End XCRemoteSwiftPackageReference section */

/* Begin XCSwiftPackageProductDependency section */
		A596019E2993017800DD25BD /* SkeletonView */ = {
			isa = XCSwiftPackageProductDependency;
			package = A596019D2993017800DD25BD /* XCRemoteSwiftPackageReference "SkeletonView" */;
			productName = SkeletonView;
		};
/* End XCSwiftPackageProductDependency section */

/* Begin XCVersionGroup section */
		A5109499298DB9750050933E /* NexiaTest.xcdatamodeld */ = {
			isa = XCVersionGroup;
			children = (
				A510949A298DB9750050933E /* NexiaTest.xcdatamodel */,
			);
			currentVersion = A510949A298DB9750050933E /* NexiaTest.xcdatamodel */;
			path = NexiaTest.xcdatamodeld;
			sourceTree = "<group>";
			versionGroupType = wrapper.xcdatamodel;
		};
/* End XCVersionGroup section */
	};
	rootObject = A5109485298DB9750050933E /* Project object */;
}
